
Microsoft Visual Studio Solution File, Format Version 12.00
# Visual Studio Version 17
VisualStudioVersion = 17.1.31903.286
MinimumVisualStudioVersion = 10.0.40219.1
Project("{9A19103F-16F7-4668-BE54-9A1E7A4F7556}") = "StrangerThings", "StrangerThings\StrangerThings.csproj", "{98CA8EE8-72C1-4476-80E7-9502759CD63E}"
EndProject
Project("{FAE04EC0-301F-11D3-BF4B-00C04F79EFBC}") = "Tests", "Tests\Tests.csproj", "{0C282155-1727-4E25-8AB8-DAA1E996A2AE}"
EndProject
Global
	GlobalSection(SolutionConfigurationPlatforms) = preSolution
		Debug|Any CPU = Debug|Any CPU
		Release|Any CPU = Release|Any CPU
	EndGlobalSection
	GlobalSection(ProjectConfigurationPlatforms) = postSolution
		{98CA8EE8-72C1-4476-80E7-9502759CD63E}.Debug|Any CPU.ActiveCfg = Debug|Any CPU
		{98CA8EE8-72C1-4476-80E7-9502759CD63E}.Debug|Any CPU.Build.0 = Debug|Any CPU
		{98CA8EE8-72C1-4476-80E7-9502759CD63E}.Release|Any CPU.ActiveCfg = Release|Any CPU
		{98CA8EE8-72C1-4476-80E7-9502759CD63E}.Release|Any CPU.Build.0 = Release|Any CPU
		{0C282155-1727-4E25-8AB8-DAA1E996A2AE}.Debug|Any CPU.ActiveCfg = Debug|Any CPU
		{0C282155-1727-4E25-8AB8-DAA1E996A2AE}.Debug|Any CPU.Build.0 = Debug|Any CPU
		{0C282155-1727-4E25-8AB8-DAA1E996A2AE}.Release|Any CPU.ActiveCfg = Release|Any CPU
		{0C282155-1727-4E25-8AB8-DAA1E996A2AE}.Release|Any CPU.Build.0 = Release|Any CPU
	EndGlobalSection
	GlobalSection(SolutionProperties) = preSolution
		HideSolutionNode = FALSE
	EndGlobalSection
	GlobalSection(ExtensibilityGlobals) = postSolution
		SolutionGuid = {5C7059F7-F3F9-4F28-AE8D-202D67984AA0}
	EndGlobalSection
EndGlobal
